// !$*UTF8*$!
{
	archiveVersion = 1;
	classes = {
	};
	objectVersion = 46;
	objects = {

/* Begin PBXBuildFile section */
		AE68777A1ECDEAE200DB0CD9 /* AppDelegate.swift in Sources */ = {isa = PBXBuildFile; fileRef = AE6877791ECDEAE200DB0CD9 /* AppDelegate.swift */; };
		AE68777C1ECDEAE200DB0CD9 /* ViewController.swift in Sources */ = {isa = PBXBuildFile; fileRef = AE68777B1ECDEAE200DB0CD9 /* ViewController.swift */; };
		AE68777F1ECDEAE200DB0CD9 /* Main.storyboard in Resources */ = {isa = PBXBuildFile; fileRef = AE68777D1ECDEAE200DB0CD9 /* Main.storyboard */; };
		AE6877811ECDEAE200DB0CD9 /* Assets.xcassets in Resources */ = {isa = PBXBuildFile; fileRef = AE6877801ECDEAE200DB0CD9 /* Assets.xcassets */; };
		AE6877841ECDEAE200DB0CD9 /* LaunchScreen.storyboard in Resources */ = {isa = PBXBuildFile; fileRef = AE6877821ECDEAE200DB0CD9 /* LaunchScreen.storyboard */; };
		AE68778F1ECDEAE200DB0CD9 /* FoodTrackerTests.swift in Sources */ = {isa = PBXBuildFile; fileRef = AE68778E1ECDEAE200DB0CD9 /* FoodTrackerTests.swift */; };
		AE68779A1ECDEAE200DB0CD9 /* FoodTrackerUITests.swift in Sources */ = {isa = PBXBuildFile; fileRef = AE6877991ECDEAE200DB0CD9 /* FoodTrackerUITests.swift */; };
/* End PBXBuildFile section */

/* Begin PBXContainerItemProxy section */
		AE68778B1ECDEAE200DB0CD9 /* PBXContainerItemProxy */ = {
			isa = PBXContainerItemProxy;
			containerPortal = AE68776E1ECDEAE200DB0CD9 /* Project object */;
			proxyType = 1;
			remoteGlobalIDString = AE6877751ECDEAE200DB0CD9;
			remoteInfo = FoodTracker;
		};
		AE6877961ECDEAE200DB0CD9 /* PBXContainerItemProxy */ = {
			isa = PBXContainerItemProxy;
			containerPortal = AE68776E1ECDEAE200DB0CD9 /* Project object */;
			proxyType = 1;
			remoteGlobalIDString = AE6877751ECDEAE200DB0CD9;
			remoteInfo = FoodTracker;
		};
/* End PBXContainerItemProxy section */

/* Begin PBXFileReference section */
		AE6877761ECDEAE200DB0CD9 /* FoodTracker.app */ = {isa = PBXFileReference; explicitFileType = wrapper.application; includeInIndex = 0; path = FoodTracker.app; sourceTree = BUILT_PRODUCTS_DIR; };
		AE6877791ECDEAE200DB0CD9 /* AppDelegate.swift */ = {isa = PBXFileReference; lastKnownFileType = sourcecode.swift; path = AppDelegate.swift; sourceTree = "<group>"; };
		AE68777B1ECDEAE200DB0CD9 /* ViewController.swift */ = {isa = PBXFileReference; lastKnownFileType = sourcecode.swift; path = ViewController.swift; sourceTree = "<group>"; };
		AE68777E1ECDEAE200DB0CD9 /* Base */ = {isa = PBXFileReference; lastKnownFileType = file.storyboard; name = Base; path = Base.lproj/Main.storyboard; sourceTree = "<group>"; };
		AE6877801ECDEAE200DB0CD9 /* Assets.xcassets */ = {isa = PBXFileReference; lastKnownFileType = folder.assetcatalog; path = Assets.xcassets; sourceTree = "<group>"; };
		AE6877831ECDEAE200DB0CD9 /* Base */ = {isa = PBXFileReference; lastKnownFileType = file.storyboard; name = Base; path = Base.lproj/LaunchScreen.storyboard; sourceTree = "<group>"; };
		AE6877851ECDEAE200DB0CD9 /* Info.plist */ = {isa = PBXFileReference; lastKnownFileType = text.plist.xml; path = Info.plist; sourceTree = "<group>"; };
		AE68778A1ECDEAE200DB0CD9 /* FoodTrackerTests.xctest */ = {isa = PBXFileReference; explicitFileType = wrapper.cfbundle; includeInIndex = 0; path = FoodTrackerTests.xctest; sourceTree = BUILT_PRODUCTS_DIR; };
		AE68778E1ECDEAE200DB0CD9 /* FoodTrackerTests.swift */ = {isa = PBXFileReference; lastKnownFileType = sourcecode.swift; path = FoodTrackerTests.swift; sourceTree = "<group>"; };
		AE6877901ECDEAE200DB0CD9 /* Info.plist */ = {isa = PBXFileReference; lastKnownFileType = text.plist.xml; path = Info.plist; sourceTree = "<group>"; };
		AE6877951ECDEAE200DB0CD9 /* FoodTrackerUITests.xctest */ = {isa = PBXFileReference; explicitFileType = wrapper.cfbundle; includeInIndex = 0; path = FoodTrackerUITests.xctest; sourceTree = BUILT_PRODUCTS_DIR; };
		AE6877991ECDEAE200DB0CD9 /* FoodTrackerUITests.swift */ = {isa = PBXFileReference; lastKnownFileType = sourcecode.swift; path = FoodTrackerUITests.swift; sourceTree = "<group>"; };
		AE68779B1ECDEAE200DB0CD9 /* Info.plist */ = {isa = PBXFileReference; lastKnownFileType = text.plist.xml; path = Info.plist; sourceTree = "<group>"; };
/* End PBXFileReference section */

/* Begin PBXFrameworksBuildPhase section */
		AE6877731ECDEAE200DB0CD9 /* Frameworks */ = {
			isa = PBXFrameworksBuildPhase;
			buildActionMask = 2147483647;
			files = (
			);
			runOnlyForDeploymentPostprocessing = 0;
		};
		AE6877871ECDEAE200DB0CD9 /* Frameworks */ = {
			isa = PBXFrameworksBuildPhase;
			buildActionMask = 2147483647;
			files = (
			);
			runOnlyForDeploymentPostprocessing = 0;
		};
		AE6877921ECDEAE200DB0CD9 /* Frameworks */ = {
			isa = PBXFrameworksBuildPhase;
			buildActionMask = 2147483647;
			files = (
			);
			runOnlyForDeploymentPostprocessing = 0;
		};
/* End PBXFrameworksBuildPhase section */

/* Begin PBXGroup section */
		AE68776D1ECDEAE200DB0CD9 = {
			isa = PBXGroup;
			children = (
				AE6877781ECDEAE200DB0CD9 /* FoodTracker */,
				AE68778D1ECDEAE200DB0CD9 /* FoodTrackerTests */,
				AE6877981ECDEAE200DB0CD9 /* FoodTrackerUITests */,
				AE6877771ECDEAE200DB0CD9 /* Products */,
			);
			sourceTree = "<group>";
		};
		AE6877771ECDEAE200DB0CD9 /* Products */ = {
			isa = PBXGroup;
			children = (
				AE6877761ECDEAE200DB0CD9 /* FoodTracker.app */,
				AE68778A1ECDEAE200DB0CD9 /* FoodTrackerTests.xctest */,
				AE6877951ECDEAE200DB0CD9 /* FoodTrackerUITests.xctest */,
			);
			name = Products;
			sourceTree = "<group>";
		};
		AE6877781ECDEAE200DB0CD9 /* FoodTracker */ = {
			isa = PBXGroup;
			children = (
				AE6877791ECDEAE200DB0CD9 /* AppDelegate.swift */,
				AE68777B1ECDEAE200DB0CD9 /* ViewController.swift */,
				AE68777D1ECDEAE200DB0CD9 /* Main.storyboard */,
				AE6877801ECDEAE200DB0CD9 /* Assets.xcassets */,
				AE6877821ECDEAE200DB0CD9 /* LaunchScreen.storyboard */,
				AE6877851ECDEAE200DB0CD9 /* Info.plist */,
			);
			path = FoodTracker;
			sourceTree = "<group>";
		};
		AE68778D1ECDEAE200DB0CD9 /* FoodTrackerTests */ = {
			isa = PBXGroup;
			children = (
				AE68778E1ECDEAE200DB0CD9 /* FoodTrackerTests.swift */,
				AE6877901ECDEAE200DB0CD9 /* Info.plist */,
			);
			path = FoodTrackerTests;
			sourceTree = "<group>";
		};
		AE6877981ECDEAE200DB0CD9 /* FoodTrackerUITests */ = {
			isa = PBXGroup;
			children = (
				AE6877991ECDEAE200DB0CD9 /* FoodTrackerUITests.swift */,
				AE68779B1ECDEAE200DB0CD9 /* Info.plist */,
			);
			path = FoodTrackerUITests;
			sourceTree = "<group>";
		};
/* End PBXGroup section */

/* Begin PBXNativeTarget section */
		AE6877751ECDEAE200DB0CD9 /* FoodTracker */ = {
			isa = PBXNativeTarget;
			buildConfigurationList = AE68779E1ECDEAE200DB0CD9 /* Build configuration list for PBXNativeTarget "FoodTracker" */;
			buildPhases = (
				AE6877721ECDEAE200DB0CD9 /* Sources */,
				AE6877731ECDEAE200DB0CD9 /* Frameworks */,
				AE6877741ECDEAE200DB0CD9 /* Resources */,
			);
			buildRules = (
			);
			dependencies = (
			);
			name = FoodTracker;
			productName = FoodTracker;
			productReference = AE6877761ECDEAE200DB0CD9 /* FoodTracker.app */;
			productType = "com.apple.product-type.application";
		};
		AE6877891ECDEAE200DB0CD9 /* FoodTrackerTests */ = {
			isa = PBXNativeTarget;
			buildConfigurationList = AE6877A11ECDEAE200DB0CD9 /* Build configuration list for PBXNativeTarget "FoodTrackerTests" */;
			buildPhases = (
				AE6877861ECDEAE200DB0CD9 /* Sources */,
				AE6877871ECDEAE200DB0CD9 /* Frameworks */,
				AE6877881ECDEAE200DB0CD9 /* Resources */,
			);
			buildRules = (
			);
			dependencies = (
				AE68778C1ECDEAE200DB0CD9 /* PBXTargetDependency */,
			);
			name = FoodTrackerTests;
			productName = FoodTrackerTests;
			productReference = AE68778A1ECDEAE200DB0CD9 /* FoodTrackerTests.xctest */;
			productType = "com.apple.product-type.bundle.unit-test";
		};
		AE6877941ECDEAE200DB0CD9 /* FoodTrackerUITests */ = {
			isa = PBXNativeTarget;
			buildConfigurationList = AE6877A41ECDEAE200DB0CD9 /* Build configuration list for PBXNativeTarget "FoodTrackerUITests" */;
			buildPhases = (
				AE6877911ECDEAE200DB0CD9 /* Sources */,
				AE6877921ECDEAE200DB0CD9 /* Frameworks */,
				AE6877931ECDEAE200DB0CD9 /* Resources */,
			);
			buildRules = (
			);
			dependencies = (
				AE6877971ECDEAE200DB0CD9 /* PBXTargetDependency */,
			);
			name = FoodTrackerUITests;
			productName = FoodTrackerUITests;
			productReference = AE6877951ECDEAE200DB0CD9 /* FoodTrackerUITests.xctest */;
			productType = "com.apple.product-type.bundle.ui-testing";
		};
/* End PBXNativeTarget section */

/* Begin PBXProject section */
		AE68776E1ECDEAE200DB0CD9 /* Project object */ = {
			isa = PBXProject;
			attributes = {
				LastSwiftUpdateCheck = 0830;
				LastUpgradeCheck = 0830;
				TargetAttributes = {
					AE6877751ECDEAE200DB0CD9 = {
						CreatedOnToolsVersion = 8.3.2;
						ProvisioningStyle = Automatic;
					};
					AE6877891ECDEAE200DB0CD9 = {
						CreatedOnToolsVersion = 8.3.2;
						ProvisioningStyle = Automatic;
						TestTargetID = AE6877751ECDEAE200DB0CD9;
					};
					AE6877941ECDEAE200DB0CD9 = {
						CreatedOnToolsVersion = 8.3.2;
						ProvisioningStyle = Automatic;
						TestTargetID = AE6877751ECDEAE200DB0CD9;
					};
				};
			};
			buildConfigurationList = AE6877711ECDEAE200DB0CD9 /* Build configuration list for PBXProject "FoodTracker" */;
			compatibilityVersion = "Xcode 3.2";
			developmentRegion = English;
			hasScannedForEncodings = 0;
			knownRegions = (
				en,
				Base,
			);
			mainGroup = AE68776D1ECDEAE200DB0CD9;
			productRefGroup = AE6877771ECDEAE200DB0CD9 /* Products */;
			projectDirPath = "";
			projectRoot = "";
			targets = (
				AE6877751ECDEAE200DB0CD9 /* FoodTracker */,
				AE6877891ECDEAE200DB0CD9 /* FoodTrackerTests */,
				AE6877941ECDEAE200DB0CD9 /* FoodTrackerUITests */,
			);
		};
/* End PBXProject section */

/* Begin PBXResourcesBuildPhase section */
		AE6877741ECDEAE200DB0CD9 /* Resources */ = {
			isa = PBXResourcesBuildPhase;
			buildActionMask = 2147483647;
			files = (
				AE6877841ECDEAE200DB0CD9 /* LaunchScreen.storyboard in Resources */,
				AE6877811ECDEAE200DB0CD9 /* Assets.xcassets in Resources */,
				AE68777F1ECDEAE200DB0CD9 /* Main.storyboard in Resources */,
			);
			runOnlyForDeploymentPostprocessing = 0;
		};
		AE6877881ECDEAE200DB0CD9 /* Resources */ = {
			isa = PBXResourcesBuildPhase;
			buildActionMask = 2147483647;
			files = (
			);
			runOnlyForDeploymentPostprocessing = 0;
		};
		AE6877931ECDEAE200DB0CD9 /* Resources */ = {
			isa = PBXResourcesBuildPhase;
			buildActionMask = 2147483647;
			files = (
			);
			runOnlyForDeploymentPostprocessing = 0;
		};
/* End PBXResourcesBuildPhase section */

/* Begin PBXSourcesBuildPhase section */
		AE6877721ECDEAE200DB0CD9 /* Sources */ = {
			isa = PBXSourcesBuildPhase;
			buildActionMask = 2147483647;
			files = (
				AE68777C1ECDEAE200DB0CD9 /* ViewController.swift in Sources */,
				AE68777A1ECDEAE200DB0CD9 /* AppDelegate.swift in Sources */,
			);
			runOnlyForDeploymentPostprocessing = 0;
		};
		AE6877861ECDEAE200DB0CD9 /* Sources */ = {
			isa = PBXSourcesBuildPhase;
			buildActionMask = 2147483647;
			files = (
				AE68778F1ECDEAE200DB0CD9 /* FoodTrackerTests.swift in Sources */,
			);
			runOnlyForDeploymentPostprocessing = 0;
		};
		AE6877911ECDEAE200DB0CD9 /* Sources */ = {
			isa = PBXSourcesBuildPhase;
			buildActionMask = 2147483647;
			files = (
				AE68779A1ECDEAE200DB0CD9 /* FoodTrackerUITests.swift in Sources */,
			);
			runOnlyForDeploymentPostprocessing = 0;
		};
/* End PBXSourcesBuildPhase section */

/* Begin PBXTargetDependency section */
		AE68778C1ECDEAE200DB0CD9 /* PBXTargetDependency */ = {
			isa = PBXTargetDependency;
			target = AE6877751ECDEAE200DB0CD9 /* FoodTracker */;
			targetProxy = AE68778B1ECDEAE200DB0CD9 /* PBXContainerItemProxy */;
		};
		AE6877971ECDEAE200DB0CD9 /* PBXTargetDependency */ = {
			isa = PBXTargetDependency;
			target = AE6877751ECDEAE200DB0CD9 /* FoodTracker */;
			targetProxy = AE6877961ECDEAE200DB0CD9 /* PBXContainerItemProxy */;
		};
/* End PBXTargetDependency section */

/* Begin PBXVariantGroup section */
		AE68777D1ECDEAE200DB0CD9 /* Main.storyboard */ = {
			isa = PBXVariantGroup;
			children = (
				AE68777E1ECDEAE200DB0CD9 /* Base */,
			);
			name = Main.storyboard;
			sourceTree = "<group>";
		};
		AE6877821ECDEAE200DB0CD9 /* LaunchScreen.storyboard */ = {
			isa = PBXVariantGroup;
			children = (
				AE6877831ECDEAE200DB0CD9 /* Base */,
			);
			name = LaunchScreen.storyboard;
			sourceTree = "<group>";
		};
/* End PBXVariantGroup section */

/* Begin XCBuildConfiguration section */
		AE68779C1ECDEAE200DB0CD9 /* Debug */ = {
			isa = XCBuildConfiguration;
			buildSettings = {
				ALWAYS_SEARCH_USER_PATHS = NO;
				CLANG_ANALYZER_NONNULL = YES;
				CLANG_ANALYZER_NUMBER_OBJECT_CONVERSION = YES_AGGRESSIVE;
				CLANG_CXX_LANGUAGE_STANDARD = "gnu++0x";
				CLANG_CXX_LIBRARY = "libc++";
				CLANG_ENABLE_MODULES = YES;
				CLANG_ENABLE_OBJC_ARC = YES;
				CLANG_WARN_BOOL_CONVERSION = YES;
				CLANG_WARN_CONSTANT_CONVERSION = YES;
				CLANG_WARN_DIRECT_OBJC_ISA_USAGE = YES_ERROR;
				CLANG_WARN_DOCUMENTATION_COMMENTS = YES;
				CLANG_WARN_EMPTY_BODY = YES;
				CLANG_WARN_ENUM_CONVERSION = YES;
				CLANG_WARN_INFINITE_RECURSION = YES;
				CLANG_WARN_INT_CONVERSION = YES;
				CLANG_WARN_OBJC_ROOT_CLASS = YES_ERROR;
				CLANG_WARN_SUSPICIOUS_MOVE = YES;
				CLANG_WARN_UNREACHABLE_CODE = YES;
				CLANG_WARN__DUPLICATE_METHOD_MATCH = YES;
				"CODE_SIGN_IDENTITY[sdk=iphoneos*]" = "iPhone Developer";
				COPY_PHASE_STRIP = NO;
				DEBUG_INFORMATION_FORMAT = dwarf;
				ENABLE_STRICT_OBJC_MSGSEND = YES;
				ENABLE_TESTABILITY = YES;
				GCC_C_LANGUAGE_STANDARD = gnu99;
				GCC_DYNAMIC_NO_PIC = NO;
				GCC_NO_COMMON_BLOCKS = YES;
				GCC_OPTIMIZATION_LEVEL = 0;
				GCC_PREPROCESSOR_DEFINITIONS = (
					"DEBUG=1",
					"$(inherited)",
				);
				GCC_WARN_64_TO_32_BIT_CONVERSION = YES;
				GCC_WARN_ABOUT_RETURN_TYPE = YES_ERROR;
				GCC_WARN_UNDECLARED_SELECTOR = YES;
				GCC_WARN_UNINITIALIZED_AUTOS = YES_AGGRESSIVE;
				GCC_WARN_UNUSED_FUNCTION = YES;
				GCC_WARN_UNUSED_VARIABLE = YES;
				IPHONEOS_DEPLOYMENT_TARGET = 10.3;
				MTL_ENABLE_DEBUG_INFO = YES;
				ONLY_ACTIVE_ARCH = YES;
				SDKROOT = iphoneos;
				SWIFT_ACTIVE_COMPILATION_CONDITIONS = DEBUG;
				SWIFT_OPTIMIZATION_LEVEL = "-Onone";
				TARGETED_DEVICE_FAMILY = "1,2";
			};
			name = Debug;
		};
		AE68779D1ECDEAE200DB0CD9 /* Release */ = {
			isa = XCBuildConfiguration;
			buildSettings = {
				ALWAYS_SEARCH_USER_PATHS = NO;
				CLANG_ANALYZER_NONNULL = YES;
				CLANG_ANALYZER_NUMBER_OBJECT_CONVERSION = YES_AGGRESSIVE;
				CLANG_CXX_LANGUAGE_STANDARD = "gnu++0x";
				CLANG_CXX_LIBRARY = "libc++";
				CLANG_ENABLE_MODULES = YES;
				CLANG_ENABLE_OBJC_ARC = YES;
				CLANG_WARN_BOOL_CONVERSION = YES;
				CLANG_WARN_CONSTANT_CONVERSION = YES;
				CLANG_WARN_DIRECT_OBJC_ISA_USAGE = YES_ERROR;
				CLANG_WARN_DOCUMENTATION_COMMENTS = YES;
				CLANG_WARN_EMPTY_BODY = YES;
				CLANG_WARN_ENUM_CONVERSION = YES;
				CLANG_WARN_INFINITE_RECURSION = YES;
				CLANG_WARN_INT_CONVERSION = YES;
				CLANG_WARN_OBJC_ROOT_CLASS = YES_ERROR;
				CLANG_WARN_SUSPICIOUS_MOVE = YES;
				CLANG_WARN_UNREACHABLE_CODE = YES;
				CLANG_WARN__DUPLICATE_METHOD_MATCH = YES;
				"CODE_SIGN_IDENTITY[sdk=iphoneos*]" = "iPhone Developer";
				COPY_PHASE_STRIP = NO;
				DEBUG_INFORMATION_FORMAT = "dwarf-with-dsym";
				ENABLE_NS_ASSERTIONS = NO;
				ENABLE_STRICT_OBJC_MSGSEND = YES;
				GCC_C_LANGUAGE_STANDARD = gnu99;
				GCC_NO_COMMON_BLOCKS = YES;
				GCC_WARN_64_TO_32_BIT_CONVERSION = YES;
				GCC_WARN_ABOUT_RETURN_TYPE = YES_ERROR;
				GCC_WARN_UNDECLARED_SELECTOR = YES;
				GCC_WARN_UNINITIALIZED_AUTOS = YES_AGGRESSIVE;
				GCC_WARN_UNUSED_FUNCTION = YES;
				GCC_WARN_UNUSED_VARIABLE = YES;
				IPHONEOS_DEPLOYMENT_TARGET = 10.3;
				MTL_ENABLE_DEBUG_INFO = NO;
				SDKROOT = iphoneos;
				SWIFT_OPTIMIZATION_LEVEL = "-Owholemodule";
				TARGETED_DEVICE_FAMILY = "1,2";
				VALIDATE_PRODUCT = YES;
			};
			name = Release;
		};
		AE68779F1ECDEAE200DB0CD9 /* Debug */ = {
			isa = XCBuildConfiguration;
			buildSettings = {
				ASSETCATALOG_COMPILER_APPICON_NAME = AppIcon;
				INFOPLIST_FILE = FoodTracker/Info.plist;
				LD_RUNPATH_SEARCH_PATHS = "$(inherited) @executable_path/Frameworks";
				PRODUCT_BUNDLE_IDENTIFIER = com.example.FoodTracker;
				PRODUCT_NAME = "$(TARGET_NAME)";
				SWIFT_VERSION = 3.0;
			};
			name = Debug;
		};
		AE6877A01ECDEAE200DB0CD9 /* Release */ = {
			isa = XCBuildConfiguration;
			buildSettings = {
				ASSETCATALOG_COMPILER_APPICON_NAME = AppIcon;
				INFOPLIST_FILE = FoodTracker/Info.plist;
				LD_RUNPATH_SEARCH_PATHS = "$(inherited) @executable_path/Frameworks";
				PRODUCT_BUNDLE_IDENTIFIER = com.example.FoodTracker;
				PRODUCT_NAME = "$(TARGET_NAME)";
				SWIFT_VERSION = 3.0;
			};
			name = Release;
		};
		AE6877A21ECDEAE200DB0CD9 /* Debug */ = {
			isa = XCBuildConfiguration;
			buildSettings = {
				ALWAYS_EMBED_SWIFT_STANDARD_LIBRARIES = YES;
				BUNDLE_LOADER = "$(TEST_HOST)";
				INFOPLIST_FILE = FoodTrackerTests/Info.plist;
				LD_RUNPATH_SEARCH_PATHS = "$(inherited) @executable_path/Frameworks @loader_path/Frameworks";
				PRODUCT_BUNDLE_IDENTIFIER = com.example.FoodTrackerTests;
				PRODUCT_NAME = "$(TARGET_NAME)";
				SWIFT_VERSION = 3.0;
				TEST_HOST = "$(BUILT_PRODUCTS_DIR)/FoodTracker.app/FoodTracker";
			};
			name = Debug;
		};
		AE6877A31ECDEAE200DB0CD9 /* Release */ = {
			isa = XCBuildConfiguration;
			buildSettings = {
				ALWAYS_EMBED_SWIFT_STANDARD_LIBRARIES = YES;
				BUNDLE_LOADER = "$(TEST_HOST)";
				INFOPLIST_FILE = FoodTrackerTests/Info.plist;
				LD_RUNPATH_SEARCH_PATHS = "$(inherited) @executable_path/Frameworks @loader_path/Frameworks";
				PRODUCT_BUNDLE_IDENTIFIER = com.example.FoodTrackerTests;
				PRODUCT_NAME = "$(TARGET_NAME)";
				SWIFT_VERSION = 3.0;
				TEST_HOST = "$(BUILT_PRODUCTS_DIR)/FoodTracker.app/FoodTracker";
			};
			name = Release;
		};
		AE6877A51ECDEAE200DB0CD9 /* Debug */ = {
			isa = XCBuildConfiguration;
			buildSettings = {
				ALWAYS_EMBED_SWIFT_STANDARD_LIBRARIES = YES;
				INFOPLIST_FILE = FoodTrackerUITests/Info.plist;
				LD_RUNPATH_SEARCH_PATHS = "$(inherited) @executable_path/Frameworks @loader_path/Frameworks";
				PRODUCT_BUNDLE_IDENTIFIER = com.example.FoodTrackerUITests;
				PRODUCT_NAME = "$(TARGET_NAME)";
				SWIFT_VERSION = 3.0;
				TEST_TARGET_NAME = FoodTracker;
			};
			name = Debug;
		};
		AE6877A61ECDEAE200DB0CD9 /* Release */ = {
			isa = XCBuildConfiguration;
			buildSettings = {
				ALWAYS_EMBED_SWIFT_STANDARD_LIBRARIES = YES;
				INFOPLIST_FILE = FoodTrackerUITests/Info.plist;
				LD_RUNPATH_SEARCH_PATHS = "$(inherited) @executable_path/Frameworks @loader_path/Frameworks";
				PRODUCT_BUNDLE_IDENTIFIER = com.example.FoodTrackerUITests;
				PRODUCT_NAME = "$(TARGET_NAME)";
				SWIFT_VERSION = 3.0;
				TEST_TARGET_NAME = FoodTracker;
			};
			name = Release;
		};
/* End XCBuildConfiguration section */

/* Begin XCConfigurationList section */
		AE6877711ECDEAE200DB0CD9 /* Build configuration list for PBXProject "FoodTracker" */ = {
			isa = XCConfigurationList;
			buildConfigurations = (
				AE68779C1ECDEAE200DB0CD9 /* Debug */,
				AE68779D1ECDEAE200DB0CD9 /* Release */,
			);
			defaultConfigurationIsVisible = 0;
			defaultConfigurationName = Release;
		};
		AE68779E1ECDEAE200DB0CD9 /* Build configuration list for PBXNativeTarget "FoodTracker" */ = {
			isa = XCConfigurationList;
			buildConfigurations = (
				AE68779F1ECDEAE200DB0CD9 /* Debug */,
				AE6877A01ECDEAE200DB0CD9 /* Release */,
			);
			defaultConfigurationIsVisible = 0;
		};
		AE6877A11ECDEAE200DB0CD9 /* Build configuration list for PBXNativeTarget "FoodTrackerTests" */ = {
			isa = XCConfigurationList;
			buildConfigurations = (
				AE6877A21ECDEAE200DB0CD9 /* Debug */,
				AE6877A31ECDEAE200DB0CD9 /* Release */,
			);
			defaultConfigurationIsVisible = 0;
		};
		AE6877A41ECDEAE200DB0CD9 /* Build configuration list for PBXNativeTarget "FoodTrackerUITests" */ = {
			isa = XCConfigurationList;
			buildConfigurations = (
				AE6877A51ECDEAE200DB0CD9 /* Debug */,
				AE6877A61ECDEAE200DB0CD9 /* Release */,
			);
			defaultConfigurationIsVisible = 0;
		};
/* End XCConfigurationList section */
	};
	rootObject = AE68776E1ECDEAE200DB0CD9 /* Project object */;
}
